// !$*UTF8*$!
{
	archiveVersion = 1;
	classes = {
	};
	objectVersion = 46;
	objects = {

/* Begin PBXBuildFile section */
		AE10F7A61D53CED000E197B5 /* AppDelegate.swift in Sources */ = {isa = PBXBuildFile; fileRef = AE10F7A51D53CED000E197B5 /* AppDelegate.swift */; };
		AE10F7A81D53CED000E197B5 /* HomeController.swift in Sources */ = {isa = PBXBuildFile; fileRef = AE10F7A71D53CED000E197B5 /* HomeController.swift */; };
		AE10F7AD1D53CED000E197B5 /* Assets.xcassets in Resources */ = {isa = PBXBuildFile; fileRef = AE10F7AC1D53CED000E197B5 /* Assets.xcassets */; };
		AE10F7B01D53CED000E197B5 /* LaunchScreen.storyboard in Resources */ = {isa = PBXBuildFile; fileRef = AE10F7AE1D53CED000E197B5 /* LaunchScreen.storyboard */; };
		AE172A701D6B902400D99185 /* VideoCell.swift in Sources */ = {isa = PBXBuildFile; fileRef = AE172A6F1D6B902400D99185 /* VideoCell.swift */; };
		AE172A731D6BBDE300D99185 /* Extensions.swift in Sources */ = {isa = PBXBuildFile; fileRef = AE172A721D6BBDE300D99185 /* Extensions.swift */; };
		AE172A751D6BBEB500D99185 /* MenuBar.swift in Sources */ = {isa = PBXBuildFile; fileRef = AE172A741D6BBEB500D99185 /* MenuBar.swift */; };
		AE1B992E1D6E012100AC3055 /* Video.swift in Sources */ = {isa = PBXBuildFile; fileRef = AE1B992D1D6E012100AC3055 /* Video.swift */; };
		AE7524411D79402900B3D730 /* SettingsLauncher.swift in Sources */ = {isa = PBXBuildFile; fileRef = AE7524401D79402900B3D730 /* SettingsLauncher.swift */; };
		AEAF51061D7A7F3800CAFD59 /* SettingCell.swift in Sources */ = {isa = PBXBuildFile; fileRef = AEAF51051D7A7F3800CAFD59 /* SettingCell.swift */; };
/* End PBXBuildFile section */

/* Begin PBXFileReference section */
		AE10F7A21D53CED000E197B5 /* MyYoutube.app */ = {isa = PBXFileReference; explicitFileType = wrapper.application; includeInIndex = 0; path = MyYoutube.app; sourceTree = BUILT_PRODUCTS_DIR; };
		AE10F7A51D53CED000E197B5 /* AppDelegate.swift */ = {isa = PBXFileReference; lastKnownFileType = sourcecode.swift; path = AppDelegate.swift; sourceTree = "<group>"; };
		AE10F7A71D53CED000E197B5 /* HomeController.swift */ = {isa = PBXFileReference; lastKnownFileType = sourcecode.swift; path = HomeController.swift; sourceTree = "<group>"; };
		AE10F7AC1D53CED000E197B5 /* Assets.xcassets */ = {isa = PBXFileReference; lastKnownFileType = folder.assetcatalog; path = Assets.xcassets; sourceTree = "<group>"; };
		AE10F7AF1D53CED000E197B5 /* Base */ = {isa = PBXFileReference; lastKnownFileType = file.storyboard; name = Base; path = Base.lproj/LaunchScreen.storyboard; sourceTree = "<group>"; };
		AE10F7B11D53CED000E197B5 /* Info.plist */ = {isa = PBXFileReference; lastKnownFileType = text.plist.xml; path = Info.plist; sourceTree = "<group>"; };
		AE172A6F1D6B902400D99185 /* VideoCell.swift */ = {isa = PBXFileReference; fileEncoding = 4; lastKnownFileType = sourcecode.swift; path = VideoCell.swift; sourceTree = "<group>"; };
		AE172A721D6BBDE300D99185 /* Extensions.swift */ = {isa = PBXFileReference; fileEncoding = 4; lastKnownFileType = sourcecode.swift; path = Extensions.swift; sourceTree = "<group>"; };
		AE172A741D6BBEB500D99185 /* MenuBar.swift */ = {isa = PBXFileReference; fileEncoding = 4; lastKnownFileType = sourcecode.swift; path = MenuBar.swift; sourceTree = "<group>"; };
		AE1B992D1D6E012100AC3055 /* Video.swift */ = {isa = PBXFileReference; fileEncoding = 4; lastKnownFileType = sourcecode.swift; path = Video.swift; sourceTree = "<group>"; };
		AE7524401D79402900B3D730 /* SettingsLauncher.swift */ = {isa = PBXFileReference; fileEncoding = 4; lastKnownFileType = sourcecode.swift; path = SettingsLauncher.swift; sourceTree = "<group>"; };
		AEAF51051D7A7F3800CAFD59 /* SettingCell.swift */ = {isa = PBXFileReference; fileEncoding = 4; lastKnownFileType = sourcecode.swift; path = SettingCell.swift; sourceTree = "<group>"; };
/* End PBXFileReference section */

/* Begin PBXFrameworksBuildPhase section */
		AE10F79F1D53CED000E197B5 /* Frameworks */ = {
			isa = PBXFrameworksBuildPhase;
			buildActionMask = 2147483647;
			files = (
			);
			runOnlyForDeploymentPostprocessing = 0;
		};
/* End PBXFrameworksBuildPhase section */

/* Begin PBXGroup section */
		AE10F7991D53CED000E197B5 = {
			isa = PBXGroup;
			children = (
				AE10F7A41D53CED000E197B5 /* MyYoutube */,
				AE10F7A31D53CED000E197B5 /* Products */,
			);
			sourceTree = "<group>";
		};
		AE10F7A31D53CED000E197B5 /* Products */ = {
			isa = PBXGroup;
			children = (
				AE10F7A21D53CED000E197B5 /* MyYoutube.app */,
			);
			name = Products;
			sourceTree = "<group>";
		};
		AE10F7A41D53CED000E197B5 /* MyYoutube */ = {
			isa = PBXGroup;
			children = (
				AE1B992C1D6E011200AC3055 /* Model */,
				AE172A711D6B907300D99185 /* Controllers */,
				AE172A6E1D6B900600D99185 /* Helpers */,
				AE172A6D1D6B8FFF00D99185 /* View */,
				AE10F7A51D53CED000E197B5 /* AppDelegate.swift */,
				AE10F7AC1D53CED000E197B5 /* Assets.xcassets */,
				AE10F7AE1D53CED000E197B5 /* LaunchScreen.storyboard */,
				AE10F7B11D53CED000E197B5 /* Info.plist */,
			);
			path = MyYoutube;
			sourceTree = "<group>";
		};
		AE172A6D1D6B8FFF00D99185 /* View */ = {
			isa = PBXGroup;
			children = (
				AE172A6F1D6B902400D99185 /* VideoCell.swift */,
				AE172A741D6BBEB500D99185 /* MenuBar.swift */,
				AEAF51051D7A7F3800CAFD59 /* SettingCell.swift */,
			);
			name = View;
			sourceTree = "<group>";
		};
		AE172A6E1D6B900600D99185 /* Helpers */ = {
			isa = PBXGroup;
			children = (
				AE172A721D6BBDE300D99185 /* Extensions.swift */,
			);
			name = Helpers;
			sourceTree = "<group>";
		};
		AE172A711D6B907300D99185 /* Controllers */ = {
			isa = PBXGroup;
			children = (
				AE10F7A71D53CED000E197B5 /* HomeController.swift */,
				AE7524401D79402900B3D730 /* SettingsLauncher.swift */,
			);
			name = Controllers;
			sourceTree = "<group>";
		};
		AE1B992C1D6E011200AC3055 /* Model */ = {
			isa = PBXGroup;
			children = (
				AE1B992D1D6E012100AC3055 /* Video.swift */,
			);
			name = Model;
			sourceTree = "<group>";
		};
/* End PBXGroup section */

/* Begin PBXNativeTarget section */
		AE10F7A11D53CED000E197B5 /* MyYoutube */ = {
			isa = PBXNativeTarget;
			buildConfigurationList = AE10F7B41D53CED000E197B5 /* Build configuration list for PBXNativeTarget "MyYoutube" */;
			buildPhases = (
				AE10F79E1D53CED000E197B5 /* Sources */,
				AE10F79F1D53CED000E197B5 /* Frameworks */,
				AE10F7A01D53CED000E197B5 /* Resources */,
			);
			buildRules = (
			);
			dependencies = (
			);
			name = MyYoutube;
			productName = MyYoutube;
			productReference = AE10F7A21D53CED000E197B5 /* MyYoutube.app */;
			productType = "com.apple.product-type.application";
		};
/* End PBXNativeTarget section */

/* Begin PBXProject section */
		AE10F79A1D53CED000E197B5 /* Project object */ = {
			isa = PBXProject;
			attributes = {
				LastSwiftUpdateCheck = 0730;
				LastUpgradeCheck = 0730;
				ORGANIZATIONNAME = xszhao;
				TargetAttributes = {
					AE10F7A11D53CED000E197B5 = {
						CreatedOnToolsVersion = 7.3;
					};
				};
			};
			buildConfigurationList = AE10F79D1D53CED000E197B5 /* Build configuration list for PBXProject "MyYoutube" */;
			compatibilityVersion = "Xcode 3.2";
			developmentRegion = English;
			hasScannedForEncodings = 0;
			knownRegions = (
				en,
				Base,
			);
			mainGroup = AE10F7991D53CED000E197B5;
			productRefGroup = AE10F7A31D53CED000E197B5 /* Products */;
			projectDirPath = "";
			projectRoot = "";
			targets = (
				AE10F7A11D53CED000E197B5 /* MyYoutube */,
			);
		};
/* End PBXProject section */

/* Begin PBXResourcesBuildPhase section */
		AE10F7A01D53CED000E197B5 /* Resources */ = {
			isa = PBXResourcesBuildPhase;
			buildActionMask = 2147483647;
			files = (
				AE10F7B01D53CED000E197B5 /* LaunchScreen.storyboard in Resources */,
				AE10F7AD1D53CED000E197B5 /* Assets.xcassets in Resources */,
			);
			runOnlyForDeploymentPostprocessing = 0;
		};
/* End PBXResourcesBuildPhase section */

/* Begin PBXSourcesBuildPhase section */
		AE10F79E1D53CED000E197B5 /* Sources */ = {
			isa = PBXSourcesBuildPhase;
			buildActionMask = 2147483647;
			files = (
				AE10F7A81D53CED000E197B5 /* HomeController.swift in Sources */,
				AE1B992E1D6E012100AC3055 /* Video.swift in Sources */,
				AEAF51061D7A7F3800CAFD59 /* SettingCell.swift in Sources */,
				AE10F7A61D53CED000E197B5 /* AppDelegate.swift in Sources */,
				AE7524411D79402900B3D730 /* SettingsLauncher.swift in Sources */,
				AE172A701D6B902400D99185 /* VideoCell.swift in Sources */,
				AE172A731D6BBDE300D99185 /* Extensions.swift in Sources */,
				AE172A751D6BBEB500D99185 /* MenuBar.swift in Sources */,
			);
			runOnlyForDeploymentPostprocessing = 0;
		};
/* End PBXSourcesBuildPhase section */

/* Begin PBXVariantGroup section */
		AE10F7AE1D53CED000E197B5 /* LaunchScreen.storyboard */ = {
			isa = PBXVariantGroup;
			children = (
				AE10F7AF1D53CED000E197B5 /* Base */,
			);
			name = LaunchScreen.storyboard;
			sourceTree = "<group>";
		};
/* End PBXVariantGroup section */

/* Begin XCBuildConfiguration section */
		AE10F7B21D53CED000E197B5 /* Debug */ = {
			isa = XCBuildConfiguration;
			buildSettings = {
				ALWAYS_SEARCH_USER_PATHS = NO;
				CLANG_ANALYZER_NONNULL = YES;
				CLANG_CXX_LANGUAGE_STANDARD = "gnu++0x";
				CLANG_CXX_LIBRARY = "libc++";
				CLANG_ENABLE_MODULES = YES;
				CLANG_ENABLE_OBJC_ARC = YES;
				CLANG_WARN_BOOL_CONVERSION = YES;
				CLANG_WARN_CONSTANT_CONVERSION = YES;
				CLANG_WARN_DIRECT_OBJC_ISA_USAGE = YES_ERROR;
				CLANG_WARN_EMPTY_BODY = YES;
				CLANG_WARN_ENUM_CONVERSION = YES;
				CLANG_WARN_INT_CONVERSION = YES;
				CLANG_WARN_OBJC_ROOT_CLASS = YES_ERROR;
				CLANG_WARN_UNREACHABLE_CODE = YES;
				CLANG_WARN__DUPLICATE_METHOD_MATCH = YES;
				"CODE_SIGN_IDENTITY[sdk=iphoneos*]" = "iPhone Developer";
				COPY_PHASE_STRIP = NO;
				DEBUG_INFORMATION_FORMAT = dwarf;
				ENABLE_STRICT_OBJC_MSGSEND = YES;
				ENABLE_TESTABILITY = YES;
				GCC_C_LANGUAGE_STANDARD = gnu99;
				GCC_DYNAMIC_NO_PIC = NO;
				GCC_NO_COMMON_BLOCKS = YES;
				GCC_OPTIMIZATION_LEVEL = 0;
				GCC_PREPROCESSOR_DEFINITIONS = (
					"DEBUG=1",
					"$(inherited)",
				);
				GCC_WARN_64_TO_32_BIT_CONVERSION = YES;
				GCC_WARN_ABOUT_RETURN_TYPE = YES_ERROR;
				GCC_WARN_UNDECLARED_SELECTOR = YES;
				GCC_WARN_UNINITIALIZED_AUTOS = YES_AGGRESSIVE;
				GCC_WARN_UNUSED_FUNCTION = YES;
				GCC_WARN_UNUSED_VARIABLE = YES;
				IPHONEOS_DEPLOYMENT_TARGET = 9.0;
				MTL_ENABLE_DEBUG_INFO = YES;
				ONLY_ACTIVE_ARCH = YES;
				SDKROOT = iphoneos9.3;
				SWIFT_OPTIMIZATION_LEVEL = "-Onone";
				TARGETED_DEVICE_FAMILY = "1,2";
			};
			name = Debug;
		};
		AE10F7B31D53CED000E197B5 /* Release */ = {
			isa = XCBuildConfiguration;
			buildSettings = {
				ALWAYS_SEARCH_USER_PATHS = NO;
				CLANG_ANALYZER_NONNULL = YES;
				CLANG_CXX_LANGUAGE_STANDARD = "gnu++0x";
				CLANG_CXX_LIBRARY = "libc++";
				CLANG_ENABLE_MODULES = YES;
				CLANG_ENABLE_OBJC_ARC = YES;
				CLANG_WARN_BOOL_CONVERSION = YES;
				CLANG_WARN_CONSTANT_CONVERSION = YES;
				CLANG_WARN_DIRECT_OBJC_ISA_USAGE = YES_ERROR;
				CLANG_WARN_EMPTY_BODY = YES;
				CLANG_WARN_ENUM_CONVERSION = YES;
				CLANG_WARN_INT_CONVERSION = YES;
				CLANG_WARN_OBJC_ROOT_CLASS = YES_ERROR;
				CLANG_WARN_UNREACHABLE_CODE = YES;
				CLANG_WARN__DUPLICATE_METHOD_MATCH = YES;
				"CODE_SIGN_IDENTITY[sdk=iphoneos*]" = "iPhone Developer";
				COPY_PHASE_STRIP = NO;
				DEBUG_INFORMATION_FORMAT = "dwarf-with-dsym";
				ENABLE_NS_ASSERTIONS = NO;
				ENABLE_STRICT_OBJC_MSGSEND = YES;
				GCC_C_LANGUAGE_STANDARD = gnu99;
				GCC_NO_COMMON_BLOCKS = YES;
				GCC_WARN_64_TO_32_BIT_CONVERSION = YES;
				GCC_WARN_ABOUT_RETURN_TYPE = YES_ERROR;
				GCC_WARN_UNDECLARED_SELECTOR = YES;
				GCC_WARN_UNINITIALIZED_AUTOS = YES_AGGRESSIVE;
				GCC_WARN_UNUSED_FUNCTION = YES;
				GCC_WARN_UNUSED_VARIABLE = YES;
				IPHONEOS_DEPLOYMENT_TARGET = 9.0;
				MTL_ENABLE_DEBUG_INFO = NO;
				SDKROOT = iphoneos9.3;
				TARGETED_DEVICE_FAMILY = "1,2";
				VALIDATE_PRODUCT = YES;
			};
			name = Release;
		};
		AE10F7B51D53CED000E197B5 /* Debug */ = {
			isa = XCBuildConfiguration;
			buildSettings = {
				ASSETCATALOG_COMPILER_APPICON_NAME = AppIcon;
				INFOPLIST_FILE = MyYoutube/Info.plist;
				LD_RUNPATH_SEARCH_PATHS = "$(inherited) @executable_path/Frameworks";
				PRODUCT_BUNDLE_IDENTIFIER = test.MyYoutube;
				PRODUCT_NAME = "$(TARGET_NAME)";
				TARGETED_DEVICE_FAMILY = 1;
			};
			name = Debug;
		};
		AE10F7B61D53CED000E197B5 /* Release */ = {
			isa = XCBuildConfiguration;
			buildSettings = {
				ASSETCATALOG_COMPILER_APPICON_NAME = AppIcon;
				INFOPLIST_FILE = MyYoutube/Info.plist;
				LD_RUNPATH_SEARCH_PATHS = "$(inherited) @executable_path/Frameworks";
				PRODUCT_BUNDLE_IDENTIFIER = test.MyYoutube;
				PRODUCT_NAME = "$(TARGET_NAME)";
				TARGETED_DEVICE_FAMILY = 1;
			};
			name = Release;
		};
/* End XCBuildConfiguration section */

/* Begin XCConfigurationList section */
		AE10F79D1D53CED000E197B5 /* Build configuration list for PBXProject "MyYoutube" */ = {
			isa = XCConfigurationList;
			buildConfigurations = (
				AE10F7B21D53CED000E197B5 /* Debug */,
				AE10F7B31D53CED000E197B5 /* Release */,
			);
			defaultConfigurationIsVisible = 0;
			defaultConfigurationName = Release;
		};
		AE10F7B41D53CED000E197B5 /* Build configuration list for PBXNativeTarget "MyYoutube" */ = {
			isa = XCConfigurationList;
			buildConfigurations = (
				AE10F7B51D53CED000E197B5 /* Debug */,
				AE10F7B61D53CED000E197B5 /* Release */,
			);
			defaultConfigurationIsVisible = 0;
			defaultConfigurationName = Release;
		};
/* End XCConfigurationList section */
	};
	rootObject = AE10F79A1D53CED000E197B5 /* Project object */;
}
